<?xml version="1.0" encoding="utf-8"?>
<Project ToolsVersion="4.0" xmlns="http://schemas.microsoft.com/developer/msbuild/2003">
  <ItemGroup>
    <Filter Include="Replay">
      <UniqueIdentifier>{93995380-89BD-4b04-88EB-625FBE52EBFB}</UniqueIdentifier>
      <Extensions>h;hh;hpp;hxx;h++;hm;inl;inc;ipp;xsd</Extensions>
    </Filter>
    <Filter Include="Hooks">
      <UniqueIdentifier>{9b533627-7a87-4b8c-a0fb-c9f52cf38f27}</UniqueIdentifier>
    </Filter>
    <Filter Include="official">
      <UniqueIdentifier>{08c59537-915f-4a1e-9e6c-82e4051f63d7}</UniqueIdentifier>
    </Filter>
    <Filter Include="Capture">
      <UniqueIdentifier>{d6ce7037-3f9d-4687-91a1-dfe7e436f79b}</UniqueIdentifier>
    </Filter>
    <Filter Include="Generated">
      <UniqueIdentifier>{efbbdb14-4516-4ccc-b598-a3a261b8c86c}</UniqueIdentifier>
    </Filter>
    <Filter Include="Common">
      <UniqueIdentifier>{11cc9afc-ae5b-4bc6-bab8-a091b30c9fad}</UniqueIdentifier>
    </Filter>
  </ItemGroup>
  <ItemGroup>
    <ClCompile Include="webgpu_replay.cpp">
      <Filter>Replay</Filter>
    </ClCompile>
    <ClCompile Include="webgpu_hooks.cpp">
      <Filter>Hooks</Filter>
    </ClCompile>
    <ClCompile Include="webgpu_capture.cpp">
      <Filter>Capture</Filter>
    </ClCompile>
    <ClCompile Include="webgpu_utils.cpp">
      <Filter>Common</Filter>
    </ClCompile>
    <ClCompile Include="webgpu_manager.cpp">
      <Filter>Common</Filter>
    </ClCompile>
    <ClCompile Include="webgpu_serialiser.cpp">
      <Filter>Common</Filter>
    </ClCompile>
    <ClCompile Include="generated\webgpu_serialiser_gen.cpp">
      <Filter>Generated</Filter>
    </ClCompile>
  </ItemGroup>
  <ItemGroup>
    <ClInclude Include="webgpu_replay.h">
      <Filter>Replay</Filter>
    </ClInclude>
    <ClInclude Include="webgpu_hooks.h">
      <Filter>Hooks</Filter>
    </ClInclude>
    <ClInclude Include="official\webgpu.h">
      <Filter>official</Filter>
    </ClInclude>
    <ClInclude Include="webgpu_capture.h">
      <Filter>Capture</Filter>
    </ClInclude>
    <ClInclude Include="webgpu_utils.h">
      <Filter>Common</Filter>
    </ClInclude>
    <ClInclude Include="webgpu_manager.h">
      <Filter>Common</Filter>
    </ClInclude>
    <ClInclude Include="webgpu_serialiser.h">
      <Filter>Common</Filter>
    </ClInclude>
    <ClInclude Include="generated\webgpu_macros_gen.h">
      <Filter>Generated</Filter>
    </ClInclude>
    <ClInclude Include="generated\webgpu_serialiser_gen.h">
      <Filter>Generated</Filter>
    </ClInclude>
    <ClInclude Include="webgpu_macros.h">
      <Filter>Common</Filter>
    </ClInclude>
  </ItemGroup>
</Project>